
Microsoft Visual Studio Solution File, Format Version 12.00
# Visual Studio Version 16
VisualStudioVersion = 16.0.31729.503
MinimumVisualStudioVersion = 10.0.40219.1
Project("{9A19103F-16F7-4668-BE54-9A1E7A4F7556}") = "Card.api", "Card.api\Card.api.csproj", "{63045FAD-2A47-4BFB-AAD1-80981FC5F19F}"
EndProject
Project("{FAE04EC0-301F-11D3-BF4B-00C04F79EFBC}") = "RabbitMQTweet.ConsoleApplication", "RabbitMQTweet.ConsoleApplication\RabbitMQTweet.ConsoleApplication.csproj", "{A29897DD-3853-45D2-9A92-3C75531F8EF9}"
EndProject
Global
	GlobalSection(SolutionConfigurationPlatforms) = preSolution
		Debug|Any CPU = Debug|Any CPU
		Release|Any CPU = Release|Any CPU
	EndGlobalSection
	GlobalSection(ProjectConfigurationPlatforms) = postSolution
		{63045FAD-2A47-4BFB-AAD1-80981FC5F19F}.Debug|Any CPU.ActiveCfg = Debug|Any CPU
		{63045FAD-2A47-4BFB-AAD1-80981FC5F19F}.Debug|Any CPU.Build.0 = Debug|Any CPU
		{63045FAD-2A47-4BFB-AAD1-80981FC5F19F}.Release|Any CPU.ActiveCfg = Release|Any CPU
		{63045FAD-2A47-4BFB-AAD1-80981FC5F19F}.Release|Any CPU.Build.0 = Release|Any CPU
		{A29897DD-3853-45D2-9A92-3C75531F8EF9}.Debug|Any CPU.ActiveCfg = Debug|Any CPU
		{A29897DD-3853-45D2-9A92-3C75531F8EF9}.Debug|Any CPU.Build.0 = Debug|Any CPU
		{A29897DD-3853-45D2-9A92-3C75531F8EF9}.Release|Any CPU.ActiveCfg = Release|Any CPU
		{A29897DD-3853-45D2-9A92-3C75531F8EF9}.Release|Any CPU.Build.0 = Release|Any CPU
	EndGlobalSection
	GlobalSection(SolutionProperties) = preSolution
		HideSolutionNode = FALSE
	EndGlobalSection
	GlobalSection(ExtensibilityGlobals) = postSolution
		SolutionGuid = {BC95C67B-193C-4E94-8C4C-75C6EB615B96}
	EndGlobalSection
EndGlobal
